
Microsoft Visual Studio Solution File, Format Version 12.00
# Visual Studio Version 17
VisualStudioVersion = 17.8.34309.116
MinimumVisualStudioVersion = 10.0.40219.1
Project("{9A19103F-16F7-4668-BE54-9A1E7A4F7556}") = "SoftwareArchitectureDesignAPI", "SoftwareArchitectureDesignAPI.csproj", "{7858C2E1-29D6-4425-9C0C-D73D09413FAC}"
EndProject
Project("{FAE04EC0-301F-11D3-BF4B-00C04F79EFBC}") = "UnitTests", "..\UnitTests\UnitTests.csproj", "{31B5F647-0620-4BE0-B648-4CA89A3C0C40}"
EndProject
Global
	GlobalSection(SolutionConfigurationPlatforms) = preSolution
		Debug|Any CPU = Debug|Any CPU
		Release|Any CPU = Release|Any CPU
	EndGlobalSection
	GlobalSection(ProjectConfigurationPlatforms) = postSolution
		{7858C2E1-29D6-4425-9C0C-D73D09413FAC}.Debug|Any CPU.ActiveCfg = Debug|Any CPU
		{7858C2E1-29D6-4425-9C0C-D73D09413FAC}.Debug|Any CPU.Build.0 = Debug|Any CPU
		{7858C2E1-29D6-4425-9C0C-D73D09413FAC}.Release|Any CPU.ActiveCfg = Release|Any CPU
		{7858C2E1-29D6-4425-9C0C-D73D09413FAC}.Release|Any CPU.Build.0 = Release|Any CPU
		{31B5F647-0620-4BE0-B648-4CA89A3C0C40}.Debug|Any CPU.ActiveCfg = Debug|Any CPU
		{31B5F647-0620-4BE0-B648-4CA89A3C0C40}.Debug|Any CPU.Build.0 = Debug|Any CPU
		{31B5F647-0620-4BE0-B648-4CA89A3C0C40}.Release|Any CPU.ActiveCfg = Release|Any CPU
		{31B5F647-0620-4BE0-B648-4CA89A3C0C40}.Release|Any CPU.Build.0 = Release|Any CPU
	EndGlobalSection
	GlobalSection(SolutionProperties) = preSolution
		HideSolutionNode = FALSE
	EndGlobalSection
	GlobalSection(ExtensibilityGlobals) = postSolution
		SolutionGuid = {5F7E1D18-04C8-4C70-9F3F-1FD79BBEC693}
	EndGlobalSection
EndGlobal
